
Microsoft Visual Studio Solution File, Format Version 12.00
# Visual Studio Version 16
VisualStudioVersion = 16.0.31729.503
MinimumVisualStudioVersion = 10.0.40219.1
Project("{9A19103F-16F7-4668-BE54-9A1E7A4F7556}") = "API", "API\API.csproj", "{7D0B7B86-2CBC-4474-9DAE-E6DBD7E9E9B5}"
EndProject
Project("{FAE04EC0-301F-11D3-BF4B-00C04F79EFBC}") = "API.DAL", "API.DAL\API.DAL.csproj", "{8498EBDB-9ACF-4397-A811-1C9EE370C9E5}"
EndProject
Global
	GlobalSection(SolutionConfigurationPlatforms) = preSolution
		Debug|Any CPU = Debug|Any CPU
		Release|Any CPU = Release|Any CPU
	EndGlobalSection
	GlobalSection(ProjectConfigurationPlatforms) = postSolution
		{7D0B7B86-2CBC-4474-9DAE-E6DBD7E9E9B5}.Debug|Any CPU.ActiveCfg = Debug|Any CPU
		{7D0B7B86-2CBC-4474-9DAE-E6DBD7E9E9B5}.Debug|Any CPU.Build.0 = Debug|Any CPU
		{7D0B7B86-2CBC-4474-9DAE-E6DBD7E9E9B5}.Release|Any CPU.ActiveCfg = Release|Any CPU
		{7D0B7B86-2CBC-4474-9DAE-E6DBD7E9E9B5}.Release|Any CPU.Build.0 = Release|Any CPU
		{8498EBDB-9ACF-4397-A811-1C9EE370C9E5}.Debug|Any CPU.ActiveCfg = Debug|Any CPU
		{8498EBDB-9ACF-4397-A811-1C9EE370C9E5}.Debug|Any CPU.Build.0 = Debug|Any CPU
		{8498EBDB-9ACF-4397-A811-1C9EE370C9E5}.Release|Any CPU.ActiveCfg = Release|Any CPU
		{8498EBDB-9ACF-4397-A811-1C9EE370C9E5}.Release|Any CPU.Build.0 = Release|Any CPU
	EndGlobalSection
	GlobalSection(SolutionProperties) = preSolution
		HideSolutionNode = FALSE
	EndGlobalSection
	GlobalSection(ExtensibilityGlobals) = postSolution
		SolutionGuid = {8A710D2A-27AC-4733-ACFB-ADD623B6179A}
	EndGlobalSection
EndGlobal
